
Microsoft Visual Studio Solution File, Format Version 12.00
# Visual Studio 2013
VisualStudioVersion = 12.0.31101.0
MinimumVisualStudioVersion = 10.0.40219.1
Project("{FAE04EC0-301F-11D3-BF4B-00C04F79EFBC}") = "MagicVM_Assembler", "MagicVM_Assembler\MagicVM_Assembler.csproj", "{20C02175-533F-4FAE-8EE9-C23AB8F3F66D}"
EndProject
Project("{FAE04EC0-301F-11D3-BF4B-00C04F79EFBC}") = "Linker", "Linker\Linker.csproj", "{2CA44F8C-1B52-458B-9F4C-C7C82BD4F504}"
EndProject
Project("{FAE04EC0-301F-11D3-BF4B-00C04F79EFBC}") = "Assembler-linker", "Assembler-linker\Assembler-linker.csproj", "{9611D60D-9024-48AB-8893-23083DF6DE46}"
EndProject
Global
	GlobalSection(SolutionConfigurationPlatforms) = preSolution
		Debug|Any CPU = Debug|Any CPU
		Debug|Mixed Platforms = Debug|Mixed Platforms
		Debug|x86 = Debug|x86
		Release|Any CPU = Release|Any CPU
		Release|Mixed Platforms = Release|Mixed Platforms
		Release|x86 = Release|x86
	EndGlobalSection
	GlobalSection(ProjectConfigurationPlatforms) = postSolution
		{20C02175-533F-4FAE-8EE9-C23AB8F3F66D}.Debug|Any CPU.ActiveCfg = Debug|x86
		{20C02175-533F-4FAE-8EE9-C23AB8F3F66D}.Debug|Mixed Platforms.ActiveCfg = Debug|x86
		{20C02175-533F-4FAE-8EE9-C23AB8F3F66D}.Debug|Mixed Platforms.Build.0 = Debug|x86
		{20C02175-533F-4FAE-8EE9-C23AB8F3F66D}.Debug|x86.ActiveCfg = Debug|x86
		{20C02175-533F-4FAE-8EE9-C23AB8F3F66D}.Debug|x86.Build.0 = Debug|x86
		{20C02175-533F-4FAE-8EE9-C23AB8F3F66D}.Release|Any CPU.ActiveCfg = Release|x86
		{20C02175-533F-4FAE-8EE9-C23AB8F3F66D}.Release|Mixed Platforms.ActiveCfg = Release|x86
		{20C02175-533F-4FAE-8EE9-C23AB8F3F66D}.Release|Mixed Platforms.Build.0 = Release|x86
		{20C02175-533F-4FAE-8EE9-C23AB8F3F66D}.Release|x86.ActiveCfg = Release|x86
		{20C02175-533F-4FAE-8EE9-C23AB8F3F66D}.Release|x86.Build.0 = Release|x86
		{2CA44F8C-1B52-458B-9F4C-C7C82BD4F504}.Debug|Any CPU.ActiveCfg = Debug|x86
		{2CA44F8C-1B52-458B-9F4C-C7C82BD4F504}.Debug|Mixed Platforms.ActiveCfg = Debug|x86
		{2CA44F8C-1B52-458B-9F4C-C7C82BD4F504}.Debug|Mixed Platforms.Build.0 = Debug|x86
		{2CA44F8C-1B52-458B-9F4C-C7C82BD4F504}.Debug|x86.ActiveCfg = Debug|x86
		{2CA44F8C-1B52-458B-9F4C-C7C82BD4F504}.Debug|x86.Build.0 = Debug|x86
		{2CA44F8C-1B52-458B-9F4C-C7C82BD4F504}.Release|Any CPU.ActiveCfg = Release|x86
		{2CA44F8C-1B52-458B-9F4C-C7C82BD4F504}.Release|Mixed Platforms.ActiveCfg = Release|x86
		{2CA44F8C-1B52-458B-9F4C-C7C82BD4F504}.Release|Mixed Platforms.Build.0 = Release|x86
		{2CA44F8C-1B52-458B-9F4C-C7C82BD4F504}.Release|x86.ActiveCfg = Release|x86
		{2CA44F8C-1B52-458B-9F4C-C7C82BD4F504}.Release|x86.Build.0 = Release|x86
		{9611D60D-9024-48AB-8893-23083DF6DE46}.Debug|Any CPU.ActiveCfg = Debug|Any CPU
		{9611D60D-9024-48AB-8893-23083DF6DE46}.Debug|Any CPU.Build.0 = Debug|Any CPU
		{9611D60D-9024-48AB-8893-23083DF6DE46}.Debug|Mixed Platforms.ActiveCfg = Debug|Any CPU
		{9611D60D-9024-48AB-8893-23083DF6DE46}.Debug|Mixed Platforms.Build.0 = Debug|Any CPU
		{9611D60D-9024-48AB-8893-23083DF6DE46}.Debug|x86.ActiveCfg = Debug|Any CPU
		{9611D60D-9024-48AB-8893-23083DF6DE46}.Release|Any CPU.ActiveCfg = Release|Any CPU
		{9611D60D-9024-48AB-8893-23083DF6DE46}.Release|Any CPU.Build.0 = Release|Any CPU
		{9611D60D-9024-48AB-8893-23083DF6DE46}.Release|Mixed Platforms.ActiveCfg = Release|Any CPU
		{9611D60D-9024-48AB-8893-23083DF6DE46}.Release|Mixed Platforms.Build.0 = Release|Any CPU
		{9611D60D-9024-48AB-8893-23083DF6DE46}.Release|x86.ActiveCfg = Release|Any CPU
	EndGlobalSection
	GlobalSection(SolutionProperties) = preSolution
		HideSolutionNode = FALSE
	EndGlobalSection
EndGlobal
